// !$*UTF8*$!
{
	archiveVersion = 1;
	classes = {
	};
	objectVersion = 50;
	objects = {

/* Begin PBXBuildFile section */
		32B6B8F7267248B600F7B898 /* Feedback_SwiftUI_PreventFullscreenWindowsApp.swift in Sources */ = {isa = PBXBuildFile; fileRef = 32B6B8F6267248B600F7B898 /* Feedback_SwiftUI_PreventFullscreenWindowsApp.swift */; };
		32B6B8F9267248B600F7B898 /* ContentView.swift in Sources */ = {isa = PBXBuildFile; fileRef = 32B6B8F8267248B600F7B898 /* ContentView.swift */; };
		32B6B8FB267248B800F7B898 /* Assets.xcassets in Resources */ = {isa = PBXBuildFile; fileRef = 32B6B8FA267248B800F7B898 /* Assets.xcassets */; };
		32B6B8FE267248B800F7B898 /* Preview Assets.xcassets in Resources */ = {isa = PBXBuildFile; fileRef = 32B6B8FD267248B800F7B898 /* Preview Assets.xcassets */; };
		32B6B90726724A5600F7B898 /* NSWindowReader.swift in Sources */ = {isa = PBXBuildFile; fileRef = 32B6B90626724A5600F7B898 /* NSWindowReader.swift */; };
/* End PBXBuildFile section */

/* Begin PBXFileReference section */
		32B6B8F3267248B600F7B898 /* Feedback-SwiftUI-PreventFullscreenWindows.app */ = {isa = PBXFileReference; explicitFileType = wrapper.application; includeInIndex = 0; path = "Feedback-SwiftUI-PreventFullscreenWindows.app"; sourceTree = BUILT_PRODUCTS_DIR; };
		32B6B8F6267248B600F7B898 /* Feedback_SwiftUI_PreventFullscreenWindowsApp.swift */ = {isa = PBXFileReference; lastKnownFileType = sourcecode.swift; path = Feedback_SwiftUI_PreventFullscreenWindowsApp.swift; sourceTree = "<group>"; };
		32B6B8F8267248B600F7B898 /* ContentView.swift */ = {isa = PBXFileReference; lastKnownFileType = sourcecode.swift; path = ContentView.swift; sourceTree = "<group>"; };
		32B6B8FA267248B800F7B898 /* Assets.xcassets */ = {isa = PBXFileReference; lastKnownFileType = folder.assetcatalog; path = Assets.xcassets; sourceTree = "<group>"; };
		32B6B8FD267248B800F7B898 /* Preview Assets.xcassets */ = {isa = PBXFileReference; lastKnownFileType = folder.assetcatalog; path = "Preview Assets.xcassets"; sourceTree = "<group>"; };
		32B6B8FF267248B800F7B898 /* Info.plist */ = {isa = PBXFileReference; lastKnownFileType = text.plist.xml; path = Info.plist; sourceTree = "<group>"; };
		32B6B900267248B800F7B898 /* Feedback_SwiftUI_PreventFullscreenWindows.entitlements */ = {isa = PBXFileReference; lastKnownFileType = text.plist.entitlements; path = Feedback_SwiftUI_PreventFullscreenWindows.entitlements; sourceTree = "<group>"; };
		32B6B90626724A5600F7B898 /* NSWindowReader.swift */ = {isa = PBXFileReference; lastKnownFileType = sourcecode.swift; path = NSWindowReader.swift; sourceTree = "<group>"; };
		32B6B96B2672AB6E00F7B898 /* README.md */ = {isa = PBXFileReference; lastKnownFileType = net.daringfireball.markdown; path = README.md; sourceTree = "<group>"; };
/* End PBXFileReference section */

/* Begin PBXFrameworksBuildPhase section */
		32B6B8F0267248B600F7B898 /* Frameworks */ = {
			isa = PBXFrameworksBuildPhase;
			buildActionMask = 2147483647;
			files = (
			);
			runOnlyForDeploymentPostprocessing = 0;
		};
/* End PBXFrameworksBuildPhase section */

/* Begin PBXGroup section */
		32B6B8EA267248B600F7B898 = {
			isa = PBXGroup;
			children = (
				32B6B96B2672AB6E00F7B898 /* README.md */,
				32B6B8F5267248B600F7B898 /* Feedback-SwiftUI-PreventFullscreenWindows */,
				32B6B8F4267248B600F7B898 /* Products */,
			);
			sourceTree = "<group>";
		};
		32B6B8F4267248B600F7B898 /* Products */ = {
			isa = PBXGroup;
			children = (
				32B6B8F3267248B600F7B898 /* Feedback-SwiftUI-PreventFullscreenWindows.app */,
			);
			name = Products;
			sourceTree = "<group>";
		};
		32B6B8F5267248B600F7B898 /* Feedback-SwiftUI-PreventFullscreenWindows */ = {
			isa = PBXGroup;
			children = (
				32B6B8F6267248B600F7B898 /* Feedback_SwiftUI_PreventFullscreenWindowsApp.swift */,
				32B6B8F8267248B600F7B898 /* ContentView.swift */,
				32B6B90626724A5600F7B898 /* NSWindowReader.swift */,
				32B6B8FA267248B800F7B898 /* Assets.xcassets */,
				32B6B8FF267248B800F7B898 /* Info.plist */,
				32B6B900267248B800F7B898 /* Feedback_SwiftUI_PreventFullscreenWindows.entitlements */,
				32B6B8FC267248B800F7B898 /* Preview Content */,
			);
			path = "Feedback-SwiftUI-PreventFullscreenWindows";
			sourceTree = "<group>";
		};
		32B6B8FC267248B800F7B898 /* Preview Content */ = {
			isa = PBXGroup;
			children = (
				32B6B8FD267248B800F7B898 /* Preview Assets.xcassets */,
			);
			path = "Preview Content";
			sourceTree = "<group>";
		};
/* End PBXGroup section */

/* Begin PBXNativeTarget section */
		32B6B8F2267248B600F7B898 /* Feedback-SwiftUI-PreventFullscreenWindows */ = {
			isa = PBXNativeTarget;
			buildConfigurationList = 32B6B903267248B800F7B898 /* Build configuration list for PBXNativeTarget "Feedback-SwiftUI-PreventFullscreenWindows" */;
			buildPhases = (
				32B6B8EF267248B600F7B898 /* Sources */,
				32B6B8F0267248B600F7B898 /* Frameworks */,
				32B6B8F1267248B600F7B898 /* Resources */,
			);
			buildRules = (
			);
			dependencies = (
			);
			name = "Feedback-SwiftUI-PreventFullscreenWindows";
			productName = "Feedback-SwiftUI-PreventFullscreenWindows";
			productReference = 32B6B8F3267248B600F7B898 /* Feedback-SwiftUI-PreventFullscreenWindows.app */;
			productType = "com.apple.product-type.application";
		};
/* End PBXNativeTarget section */

/* Begin PBXProject section */
		32B6B8EB267248B600F7B898 /* Project object */ = {
			isa = PBXProject;
			attributes = {
				LastSwiftUpdateCheck = 1250;
				LastUpgradeCheck = 1250;
				TargetAttributes = {
					32B6B8F2267248B600F7B898 = {
						CreatedOnToolsVersion = 12.5;
					};
				};
			};
			buildConfigurationList = 32B6B8EE267248B600F7B898 /* Build configuration list for PBXProject "Feedback-SwiftUI-PreventFullscreenWindows" */;
			compatibilityVersion = "Xcode 9.3";
			developmentRegion = en;
			hasScannedForEncodings = 0;
			knownRegions = (
				en,
				Base,
			);
			mainGroup = 32B6B8EA267248B600F7B898;
			productRefGroup = 32B6B8F4267248B600F7B898 /* Products */;
			projectDirPath = "";
			projectRoot = "";
			targets = (
				32B6B8F2267248B600F7B898 /* Feedback-SwiftUI-PreventFullscreenWindows */,
			);
		};
/* End PBXProject section */

/* Begin PBXResourcesBuildPhase section */
		32B6B8F1267248B600F7B898 /* Resources */ = {
			isa = PBXResourcesBuildPhase;
			buildActionMask = 2147483647;
			files = (
				32B6B8FE267248B800F7B898 /* Preview Assets.xcassets in Resources */,
				32B6B8FB267248B800F7B898 /* Assets.xcassets in Resources */,
			);
			runOnlyForDeploymentPostprocessing = 0;
		};
/* End PBXResourcesBuildPhase section */

/* Begin PBXSourcesBuildPhase section */
		32B6B8EF267248B600F7B898 /* Sources */ = {
			isa = PBXSourcesBuildPhase;
			buildActionMask = 2147483647;
			files = (
				32B6B8F9267248B600F7B898 /* ContentView.swift in Sources */,
				32B6B8F7267248B600F7B898 /* Feedback_SwiftUI_PreventFullscreenWindowsApp.swift in Sources */,
				32B6B90726724A5600F7B898 /* NSWindowReader.swift in Sources */,
			);
			runOnlyForDeploymentPostprocessing = 0;
		};
/* End PBXSourcesBuildPhase section */

/* Begin XCBuildConfiguration section */
		32B6B901267248B800F7B898 /* Debug */ = {
			isa = XCBuildConfiguration;
			buildSettings = {
				ALWAYS_SEARCH_USER_PATHS = NO;
				CLANG_ANALYZER_NONNULL = YES;
				CLANG_ANALYZER_NUMBER_OBJECT_CONVERSION = YES_AGGRESSIVE;
				CLANG_CXX_LANGUAGE_STANDARD = "gnu++14";
				CLANG_CXX_LIBRARY = "libc++";
				CLANG_ENABLE_MODULES = YES;
				CLANG_ENABLE_OBJC_ARC = YES;
				CLANG_ENABLE_OBJC_WEAK = YES;
				CLANG_WARN_BLOCK_CAPTURE_AUTORELEASING = YES;
				CLANG_WARN_BOOL_CONVERSION = YES;
				CLANG_WARN_COMMA = YES;
				CLANG_WARN_CONSTANT_CONVERSION = YES;
				CLANG_WARN_DEPRECATED_OBJC_IMPLEMENTATIONS = YES;
				CLANG_WARN_DIRECT_OBJC_ISA_USAGE = YES_ERROR;
				CLANG_WARN_DOCUMENTATION_COMMENTS = YES;
				CLANG_WARN_EMPTY_BODY = YES;
				CLANG_WARN_ENUM_CONVERSION = YES;
				CLANG_WARN_INFINITE_RECURSION = YES;
				CLANG_WARN_INT_CONVERSION = YES;
				CLANG_WARN_NON_LITERAL_NULL_CONVERSION = YES;
				CLANG_WARN_OBJC_IMPLICIT_RETAIN_SELF = YES;
				CLANG_WARN_OBJC_LITERAL_CONVERSION = YES;
				CLANG_WARN_OBJC_ROOT_CLASS = YES_ERROR;
				CLANG_WARN_QUOTED_INCLUDE_IN_FRAMEWORK_HEADER = YES;
				CLANG_WARN_RANGE_LOOP_ANALYSIS = YES;
				CLANG_WARN_STRICT_PROTOTYPES = YES;
				CLANG_WARN_SUSPICIOUS_MOVE = YES;
				CLANG_WARN_UNGUARDED_AVAILABILITY = YES_AGGRESSIVE;
				CLANG_WARN_UNREACHABLE_CODE = YES;
				CLANG_WARN__DUPLICATE_METHOD_MATCH = YES;
				COPY_PHASE_STRIP = NO;
				DEBUG_INFORMATION_FORMAT = dwarf;
				ENABLE_STRICT_OBJC_MSGSEND = YES;
				ENABLE_TESTABILITY = YES;
				GCC_C_LANGUAGE_STANDARD = gnu11;
				GCC_DYNAMIC_NO_PIC = NO;
				GCC_NO_COMMON_BLOCKS = YES;
				GCC_OPTIMIZATION_LEVEL = 0;
				GCC_PREPROCESSOR_DEFINITIONS = (
					"DEBUG=1",
					"$(inherited)",
				);
				GCC_WARN_64_TO_32_BIT_CONVERSION = YES;
				GCC_WARN_ABOUT_RETURN_TYPE = YES_ERROR;
				GCC_WARN_UNDECLARED_SELECTOR = YES;
				GCC_WARN_UNINITIALIZED_AUTOS = YES_AGGRESSIVE;
				GCC_WARN_UNUSED_FUNCTION = YES;
				GCC_WARN_UNUSED_VARIABLE = YES;
				MACOSX_DEPLOYMENT_TARGET = 11.3;
				MTL_ENABLE_DEBUG_INFO = INCLUDE_SOURCE;
				MTL_FAST_MATH = YES;
				ONLY_ACTIVE_ARCH = YES;
				SDKROOT = macosx;
				SWIFT_ACTIVE_COMPILATION_CONDITIONS = DEBUG;
				SWIFT_OPTIMIZATION_LEVEL = "-Onone";
			};
			name = Debug;
		};
		32B6B902267248B800F7B898 /* Release */ = {
			isa = XCBuildConfiguration;
			buildSettings = {
				ALWAYS_SEARCH_USER_PATHS = NO;
				CLANG_ANALYZER_NONNULL = YES;
				CLANG_ANALYZER_NUMBER_OBJECT_CONVERSION = YES_AGGRESSIVE;
				CLANG_CXX_LANGUAGE_STANDARD = "gnu++14";
				CLANG_CXX_LIBRARY = "libc++";
				CLANG_ENABLE_MODULES = YES;
				CLANG_ENABLE_OBJC_ARC = YES;
				CLANG_ENABLE_OBJC_WEAK = YES;
				CLANG_WARN_BLOCK_CAPTURE_AUTORELEASING = YES;
				CLANG_WARN_BOOL_CONVERSION = YES;
				CLANG_WARN_COMMA = YES;
				CLANG_WARN_CONSTANT_CONVERSION = YES;
				CLANG_WARN_DEPRECATED_OBJC_IMPLEMENTATIONS = YES;
				CLANG_WARN_DIRECT_OBJC_ISA_USAGE = YES_ERROR;
				CLANG_WARN_DOCUMENTATION_COMMENTS = YES;
				CLANG_WARN_EMPTY_BODY = YES;
				CLANG_WARN_ENUM_CONVERSION = YES;
				CLANG_WARN_INFINITE_RECURSION = YES;
				CLANG_WARN_INT_CONVERSION = YES;
				CLANG_WARN_NON_LITERAL_NULL_CONVERSION = YES;
				CLANG_WARN_OBJC_IMPLICIT_RETAIN_SELF = YES;
				CLANG_WARN_OBJC_LITERAL_CONVERSION = YES;
				CLANG_WARN_OBJC_ROOT_CLASS = YES_ERROR;
				CLANG_WARN_QUOTED_INCLUDE_IN_FRAMEWORK_HEADER = YES;
				CLANG_WARN_RANGE_LOOP_ANALYSIS = YES;
				CLANG_WARN_STRICT_PROTOTYPES = YES;
				CLANG_WARN_SUSPICIOUS_MOVE = YES;
				CLANG_WARN_UNGUARDED_AVAILABILITY = YES_AGGRESSIVE;
				CLANG_WARN_UNREACHABLE_CODE = YES;
				CLANG_WARN__DUPLICATE_METHOD_MATCH = YES;
				COPY_PHASE_STRIP = NO;
				DEBUG_INFORMATION_FORMAT = "dwarf-with-dsym";
				ENABLE_NS_ASSERTIONS = NO;
				ENABLE_STRICT_OBJC_MSGSEND = YES;
				GCC_C_LANGUAGE_STANDARD = gnu11;
				GCC_NO_COMMON_BLOCKS = YES;
				GCC_WARN_64_TO_32_BIT_CONVERSION = YES;
				GCC_WARN_ABOUT_RETURN_TYPE = YES_ERROR;
				GCC_WARN_UNDECLARED_SELECTOR = YES;
				GCC_WARN_UNINITIALIZED_AUTOS = YES_AGGRESSIVE;
				GCC_WARN_UNUSED_FUNCTION = YES;
				GCC_WARN_UNUSED_VARIABLE = YES;
				MACOSX_DEPLOYMENT_TARGET = 11.3;
				MTL_ENABLE_DEBUG_INFO = NO;
				MTL_FAST_MATH = YES;
				SDKROOT = macosx;
				SWIFT_COMPILATION_MODE = wholemodule;
				SWIFT_OPTIMIZATION_LEVEL = "-O";
			};
			name = Release;
		};
		32B6B904267248B800F7B898 /* Debug */ = {
			isa = XCBuildConfiguration;
			buildSettings = {
				ASSETCATALOG_COMPILER_APPICON_NAME = AppIcon;
				ASSETCATALOG_COMPILER_GLOBAL_ACCENT_COLOR_NAME = AccentColor;
				CODE_SIGN_ENTITLEMENTS = "Feedback-SwiftUI-PreventFullscreenWindows/Feedback_SwiftUI_PreventFullscreenWindows.entitlements";
				CODE_SIGN_STYLE = Automatic;
				COMBINE_HIDPI_IMAGES = YES;
				DEVELOPMENT_ASSET_PATHS = "\"Feedback-SwiftUI-PreventFullscreenWindows/Preview Content\"";
				DEVELOPMENT_TEAM = RZAZR374R3;
				ENABLE_HARDENED_RUNTIME = YES;
				ENABLE_PREVIEWS = YES;
				INFOPLIST_FILE = "Feedback-SwiftUI-PreventFullscreenWindows/Info.plist";
				LD_RUNPATH_SEARCH_PATHS = (
					"$(inherited)",
					"@executable_path/../Frameworks",
				);
				MACOSX_DEPLOYMENT_TARGET = 11.0;
				PRODUCT_BUNDLE_IDENTIFIER = "com.causticmango.Feedback-SwiftUI-PreventFullscreenWindows";
				PRODUCT_NAME = "$(TARGET_NAME)";
				SWIFT_VERSION = 5.0;
			};
			name = Debug;
		};
		32B6B905267248B800F7B898 /* Release */ = {
			isa = XCBuildConfiguration;
			buildSettings = {
				ASSETCATALOG_COMPILER_APPICON_NAME = AppIcon;
				ASSETCATALOG_COMPILER_GLOBAL_ACCENT_COLOR_NAME = AccentColor;
				CODE_SIGN_ENTITLEMENTS = "Feedback-SwiftUI-PreventFullscreenWindows/Feedback_SwiftUI_PreventFullscreenWindows.entitlements";
				CODE_SIGN_STYLE = Automatic;
				COMBINE_HIDPI_IMAGES = YES;
				DEVELOPMENT_ASSET_PATHS = "\"Feedback-SwiftUI-PreventFullscreenWindows/Preview Content\"";
				DEVELOPMENT_TEAM = RZAZR374R3;
				ENABLE_HARDENED_RUNTIME = YES;
				ENABLE_PREVIEWS = YES;
				INFOPLIST_FILE = "Feedback-SwiftUI-PreventFullscreenWindows/Info.plist";
				LD_RUNPATH_SEARCH_PATHS = (
					"$(inherited)",
					"@executable_path/../Frameworks",
				);
				MACOSX_DEPLOYMENT_TARGET = 11.0;
				PRODUCT_BUNDLE_IDENTIFIER = "com.causticmango.Feedback-SwiftUI-PreventFullscreenWindows";
				PRODUCT_NAME = "$(TARGET_NAME)";
				SWIFT_VERSION = 5.0;
			};
			name = Release;
		};
/* End XCBuildConfiguration section */

/* Begin XCConfigurationList section */
		32B6B8EE267248B600F7B898 /* Build configuration list for PBXProject "Feedback-SwiftUI-PreventFullscreenWindows" */ = {
			isa = XCConfigurationList;
			buildConfigurations = (
				32B6B901267248B800F7B898 /* Debug */,
				32B6B902267248B800F7B898 /* Release */,
			);
			defaultConfigurationIsVisible = 0;
			defaultConfigurationName = Release;
		};
		32B6B903267248B800F7B898 /* Build configuration list for PBXNativeTarget "Feedback-SwiftUI-PreventFullscreenWindows" */ = {
			isa = XCConfigurationList;
			buildConfigurations = (
				32B6B904267248B800F7B898 /* Debug */,
				32B6B905267248B800F7B898 /* Release */,
			);
			defaultConfigurationIsVisible = 0;
			defaultConfigurationName = Release;
		};
/* End XCConfigurationList section */
	};
	rootObject = 32B6B8EB267248B600F7B898 /* Project object */;
}
